
Microsoft Visual Studio Solution File, Format Version 12.00
# Visual Studio Version 17
VisualStudioVersion = 17.14.36414.22
MinimumVisualStudioVersion = 10.0.40219.1
Project("{FAE04EC0-301F-11D3-BF4B-00C04F79EFBC}") = "HangmanFun", "Hangman\HangmanFun.csproj", "{72927368-9A85-4A1D-A477-66088EFB8822}"
EndProject
Global
	GlobalSection(SolutionConfigurationPlatforms) = preSolution
		Debug|Any CPU = Debug|Any CPU
		Release|Any CPU = Release|Any CPU
	EndGlobalSection
	GlobalSection(ProjectConfigurationPlatforms) = postSolution
		{72927368-9A85-4A1D-A477-66088EFB8822}.Debug|Any CPU.ActiveCfg = Debug|Any CPU
		{72927368-9A85-4A1D-A477-66088EFB8822}.Debug|Any CPU.Build.0 = Debug|Any CPU
		{72927368-9A85-4A1D-A477-66088EFB8822}.Release|Any CPU.ActiveCfg = Release|Any CPU
		{72927368-9A85-4A1D-A477-66088EFB8822}.Release|Any CPU.Build.0 = Release|Any CPU
	EndGlobalSection
	GlobalSection(SolutionProperties) = preSolution
		HideSolutionNode = FALSE
	EndGlobalSection
	GlobalSection(ExtensibilityGlobals) = postSolution
		SolutionGuid = {885E9A0E-5416-49FF-9033-9F0C52EB99EC}
	EndGlobalSection
EndGlobal
